
Microsoft Visual Studio Solution File, Format Version 12.00
# Visual Studio Version 17
VisualStudioVersion = 17.14.37411.7
MinimumVisualStudioVersion = 10.0.40219.1
Project("{FAE04EC0-301F-11D3-BF4B-00C04F79EFBC}") = "PhillipMenu", "Phillip Menu Temp\PhillipMenu.csproj", "{E4B00651-8C4C-4180-9E97-F81B4BBCD421}"
EndProject
Global
	GlobalSection(SolutionConfigurationPlatforms) = preSolution
		Debug|Any CPU = Debug|Any CPU
		Release|Any CPU = Release|Any CPU
	EndGlobalSection
	GlobalSection(ProjectConfigurationPlatforms) = postSolution
		{E4B00651-8C4C-4180-9E97-F81B4BBCD421}.Debug|Any CPU.ActiveCfg = Debug|Any CPU
		{E4B00651-8C4C-4180-9E97-F81B4BBCD421}.Debug|Any CPU.Build.0 = Debug|Any CPU
		{E4B00651-8C4C-4180-9E97-F81B4BBCD421}.Release|Any CPU.ActiveCfg = Release|Any CPU
		{E4B00651-8C4C-4180-9E97-F81B4BBCD421}.Release|Any CPU.Build.0 = Release|Any CPU
	EndGlobalSection
	GlobalSection(SolutionProperties) = preSolution
		HideSolutionNode = FALSE
	EndGlobalSection
	GlobalSection(ExtensibilityGlobals) = postSolution
		SolutionGuid = {BFA66DA7-43B8-4CBA-82EA-410F225D5C27}
	EndGlobalSection
EndGlobal
